
Microsoft Visual Studio Solution File, Format Version 12.00
# Visual Studio Version 17
VisualStudioVersion = 17.2.32526.322
MinimumVisualStudioVersion = 10.0.40219.1
Project("{FAE04EC0-301F-11D3-BF4B-00C04F79EFBC}") = "Datos", "Datos\Datos.csproj", "{E6BB31C4-085D-4AEC-BD5D-967EFF388742}"
EndProject
Project("{FAE04EC0-301F-11D3-BF4B-00C04F79EFBC}") = "Negocio", "Negocio\Negocio.csproj", "{4A83F1A9-D7F5-4359-9C9A-7EC1DD4F6EFB}"
EndProject
Project("{FAE04EC0-301F-11D3-BF4B-00C04F79EFBC}") = "Entidades", "Entidades\Entidades.csproj", "{936C7B66-83A3-483C-97AD-86EA4C471AFD}"
EndProject
Project("{FAE04EC0-301F-11D3-BF4B-00C04F79EFBC}") = "Presentacion", "Presentacion\Presentacion.csproj", "{A35FE8A0-50CA-45C7-BCE2-CBB8CB2E1374}"
EndProject
Global
	GlobalSection(SolutionConfigurationPlatforms) = preSolution
		Debug|Any CPU = Debug|Any CPU
		Release|Any CPU = Release|Any CPU
	EndGlobalSection
	GlobalSection(ProjectConfigurationPlatforms) = postSolution
		{E6BB31C4-085D-4AEC-BD5D-967EFF388742}.Debug|Any CPU.ActiveCfg = Debug|Any CPU
		{E6BB31C4-085D-4AEC-BD5D-967EFF388742}.Debug|Any CPU.Build.0 = Debug|Any CPU
		{E6BB31C4-085D-4AEC-BD5D-967EFF388742}.Release|Any CPU.ActiveCfg = Release|Any CPU
		{E6BB31C4-085D-4AEC-BD5D-967EFF388742}.Release|Any CPU.Build.0 = Release|Any CPU
		{4A83F1A9-D7F5-4359-9C9A-7EC1DD4F6EFB}.Debug|Any CPU.ActiveCfg = Debug|Any CPU
		{4A83F1A9-D7F5-4359-9C9A-7EC1DD4F6EFB}.Debug|Any CPU.Build.0 = Debug|Any CPU
		{4A83F1A9-D7F5-4359-9C9A-7EC1DD4F6EFB}.Release|Any CPU.ActiveCfg = Release|Any CPU
		{4A83F1A9-D7F5-4359-9C9A-7EC1DD4F6EFB}.Release|Any CPU.Build.0 = Release|Any CPU
		{936C7B66-83A3-483C-97AD-86EA4C471AFD}.Debug|Any CPU.ActiveCfg = Debug|Any CPU
		{936C7B66-83A3-483C-97AD-86EA4C471AFD}.Debug|Any CPU.Build.0 = Debug|Any CPU
		{936C7B66-83A3-483C-97AD-86EA4C471AFD}.Release|Any CPU.ActiveCfg = Release|Any CPU
		{936C7B66-83A3-483C-97AD-86EA4C471AFD}.Release|Any CPU.Build.0 = Release|Any CPU
		{A35FE8A0-50CA-45C7-BCE2-CBB8CB2E1374}.Debug|Any CPU.ActiveCfg = Debug|Any CPU
		{A35FE8A0-50CA-45C7-BCE2-CBB8CB2E1374}.Debug|Any CPU.Build.0 = Debug|Any CPU
		{A35FE8A0-50CA-45C7-BCE2-CBB8CB2E1374}.Release|Any CPU.ActiveCfg = Release|Any CPU
		{A35FE8A0-50CA-45C7-BCE2-CBB8CB2E1374}.Release|Any CPU.Build.0 = Release|Any CPU
	EndGlobalSection
	GlobalSection(SolutionProperties) = preSolution
		HideSolutionNode = FALSE
	EndGlobalSection
	GlobalSection(ExtensibilityGlobals) = postSolution
		SolutionGuid = {1BBCB557-3845-4872-A28D-82480AF3D18A}
	EndGlobalSection
EndGlobal
